<?xml version="1.0" encoding="utf-8"?>
<Project ToolsVersion="4.0" xmlns="http://schemas.microsoft.com/developer/msbuild/2003">
  <ItemGroup>
    <Filter Include="Source Files">
      <UniqueIdentifier>{4FC737F1-C7A5-4376-A066-2A32D752A2FF}</UniqueIdentifier>
      <Extensions>cpp;c;cc;cxx;def;odl;idl;hpj;bat;asm;asmx</Extensions>
    </Filter>
    <Filter Include="Header Files">
      <UniqueIdentifier>{93995380-89BD-4b04-88EB-625FBE52EBFB}</UniqueIdentifier>
      <Extensions>h;hh;hpp;hxx;hm;inl;inc;ipp;xsd</Extensions>
    </Filter>
    <Filter Include="Resource Files">
      <UniqueIdentifier>{67DA6AB6-F800-4c08-8B7A-83BB121AAD01}</UniqueIdentifier>
      <Extensions>rc;ico;cur;bmp;dlg;rc2;rct;bin;rgs;gif;jpg;jpeg;jpe;resx;tiff;tif;png;wav;mfcribbon-ms</Extensions>
    </Filter>
    <Filter Include="Header Files\Engine">
      <UniqueIdentifier>{e7d0400e-7dd7-4240-bc01-f4049d18c7e4}</UniqueIdentifier>
    </Filter>
    <Filter Include="Source Files\Engine">
      <UniqueIdentifier>{2945a81c-1af2-43cb-9198-f021e3fc2aa0}</UniqueIdentifier>
    </Filter>
    <Filter Include="Header Files\Objects">
      <UniqueIdentifier>{9b80eaa8-f324-41b1-8573-c7f09fa402f8}</UniqueIdentifier>
    </Filter>
    <Filter Include="Header Files\Particles">
      <UniqueIdentifier>{a3f85b3b-2d8b-4fec-a5f4-b06fb6b3dfb4}</UniqueIdentifier>
    </Filter>
    <Filter Include="Source Files\Objects">
      <UniqueIdentifier>{6ac585cc-fa38-43d9-8641-bfd3e7c6e169}</UniqueIdentifier>
    </Filter>
    <Filter Include="Source Files\Particles">
      <UniqueIdentifier>{75aefe27-30d6-46fb-b376-fda3bc0bc5e0}</UniqueIdentifier>
    </Filter>
    <Filter Include="Header Files\Engine\Buttons">
      <UniqueIdentifier>{1e190d87-1029-4de3-997e-c82e87080791}</UniqueIdentifier>
    </Filter>
    <Filter Include="Source Files\Engine\Buttons">
      <UniqueIdentifier>{35e4b850-9e0d-4017-bf33-f5daee457b8f}</UniqueIdentifier>
    </Filter>
    <Filter Include="Source Files\Items">
      <UniqueIdentifier>{3ed88ebd-8419-49b2-867d-de50e64bdf5f}</UniqueIdentifier>
    </Filter>
    <Filter Include="Header Files\Items">
      <UniqueIdentifier>{1987922c-38fd-4974-841d-9b712a4e0d71}</UniqueIdentifier>
    </Filter>
    <Filter Include="Header Files\Objects\Entities">
      <UniqueIdentifier>{c5d19462-19b5-4dcc-adca-e4b145962336}</UniqueIdentifier>
    </Filter>
    <Filter Include="Header Files\Objects\Other">
      <UniqueIdentifier>{a3c1d503-1127-48c4-a98d-66405def744f}</UniqueIdentifier>
    </Filter>
    <Filter Include="Header Files\Objects\Stage">
      <UniqueIdentifier>{301418f6-5b9a-4cec-b893-38ad8595ff27}</UniqueIdentifier>
    </Filter>
    <Filter Include="Source Files\Objects\Entities">
      <UniqueIdentifier>{b02e8ffe-c34d-4e18-af2a-caae7f3c8abd}</UniqueIdentifier>
    </Filter>
    <Filter Include="Source Files\Objects\Stage">
      <UniqueIdentifier>{60285d2d-bfe8-410b-9c47-b39e3b23d5e8}</UniqueIdentifier>
    </Filter>
    <Filter Include="Source Files\Objects\Other">
      <UniqueIdentifier>{20dfb699-35fe-4fda-b6a8-d4b85162979f}</UniqueIdentifier>
    </Filter>
    <Filter Include="Header Files\Statuses">
      <UniqueIdentifier>{16c67bea-432e-4bab-829a-d459f898b9ac}</UniqueIdentifier>
    </Filter>
    <Filter Include="Source Files\Statuses">
      <UniqueIdentifier>{8b7713c4-3e42-4d9a-ab28-38cb1a526784}</UniqueIdentifier>
    </Filter>
  </ItemGroup>
  <ItemGroup>
    <ClCompile Include="main.cpp">
      <Filter>Source Files</Filter>
    </ClCompile>
    <ClCompile Include="LevelManager.cpp">
      <Filter>Source Files\Engine</Filter>
    </ClCompile>
    <ClCompile Include="Camera.cpp">
      <Filter>Source Files\Engine</Filter>
    </ClCompile>
    <ClCompile Include="Game.cpp">
      <Filter>Source Files\Engine</Filter>
    </ClCompile>
    <ClCompile Include="GUI.cpp">
      <Filter>Source Files\Engine</Filter>
    </ClCompile>
    <ClCompile Include="MenuState.cpp">
      <Filter>Source Files\Engine</Filter>
    </ClCompile>
    <ClCompile Include="StateManager.cpp">
      <Filter>Source Files\Engine</Filter>
    </ClCompile>
    <ClCompile Include="TextureManager.cpp">
      <Filter>Source Files\Engine</Filter>
    </ClCompile>
    <ClCompile Include="Ember.cpp">
      <Filter>Source Files\Particles</Filter>
    </ClCompile>
    <ClCompile Include="Particle.cpp">
      <Filter>Source Files\Particles</Filter>
    </ClCompile>
    <ClCompile Include="Smoke.cpp">
      <Filter>Source Files\Particles</Filter>
    </ClCompile>
    <ClCompile Include="GameObject.cpp">
      <Filter>Source Files\Objects</Filter>
    </ClCompile>
    <ClCompile Include="GameOverScreen.cpp">
      <Filter>Source Files\Engine</Filter>
    </ClCompile>
    <ClCompile Include="Debris.cpp">
      <Filter>Source Files\Particles</Filter>
    </ClCompile>
    <ClCompile Include="ImageTile.cpp">
      <Filter>Source Files\Engine</Filter>
    </ClCompile>
    <ClCompile Include="Button.cpp">
      <Filter>Source Files\Engine\Buttons</Filter>
    </ClCompile>
    <ClCompile Include="PlayButton.cpp">
      <Filter>Source Files\Engine\Buttons</Filter>
    </ClCompile>
    <ClCompile Include="Room.cpp">
      <Filter>Source Files\Engine</Filter>
    </ClCompile>
    <ClCompile Include="ExitButton.cpp">
      <Filter>Source Files\Engine\Buttons</Filter>
    </ClCompile>
    <ClCompile Include="Item.cpp">
      <Filter>Source Files\Items</Filter>
    </ClCompile>
    <ClCompile Include="Heart.cpp">
      <Filter>Source Files\Items</Filter>
    </ClCompile>
    <ClCompile Include="CursedCandle.cpp">
      <Filter>Source Files\Items</Filter>
    </ClCompile>
    <ClCompile Include="MarkOfHunger.cpp">
      <Filter>Source Files\Items</Filter>
    </ClCompile>
    <ClCompile Include="SpiralShell.cpp">
      <Filter>Source Files\Items</Filter>
    </ClCompile>
    <ClCompile Include="RestartButton.cpp">
      <Filter>Source Files\Engine\Buttons</Filter>
    </ClCompile>
    <ClCompile Include="Block.cpp">
      <Filter>Source Files\Objects\Stage</Filter>
    </ClCompile>
    <ClCompile Include="Box.cpp">
      <Filter>Source Files\Objects\Stage</Filter>
    </ClCompile>
    <ClCompile Include="CursedFire.cpp">
      <Filter>Source Files\Objects\Other</Filter>
    </ClCompile>
    <ClCompile Include="CursedFireball.cpp">
      <Filter>Source Files\Objects\Other</Filter>
    </ClCompile>
    <ClCompile Include="DemonAlter.cpp">
      <Filter>Source Files\Objects\Stage</Filter>
    </ClCompile>
    <ClCompile Include="Door.cpp">
      <Filter>Source Files\Objects\Stage</Filter>
    </ClCompile>
    <ClCompile Include="Fire.cpp">
      <Filter>Source Files\Objects\Other</Filter>
    </ClCompile>
    <ClCompile Include="Fireball.cpp">
      <Filter>Source Files\Objects\Other</Filter>
    </ClCompile>
    <ClCompile Include="ItemObject.cpp">
      <Filter>Source Files\Objects\Other</Filter>
    </ClCompile>
    <ClCompile Include="Platform.cpp">
      <Filter>Source Files\Objects\Stage</Filter>
    </ClCompile>
    <ClCompile Include="Player.cpp">
      <Filter>Source Files\Objects\Entities</Filter>
    </ClCompile>
    <ClCompile Include="Pot.cpp">
      <Filter>Source Files\Objects\Stage</Filter>
    </ClCompile>
    <ClCompile Include="PotMimic.cpp">
      <Filter>Source Files\Objects\Entities</Filter>
    </ClCompile>
    <ClCompile Include="PotMimicTentacle.cpp">
      <Filter>Source Files\Objects\Entities</Filter>
    </ClCompile>
    <ClCompile Include="Projectile.cpp">
      <Filter>Source Files\Objects\Other</Filter>
    </ClCompile>
    <ClCompile Include="Slime.cpp">
      <Filter>Source Files\Objects\Entities</Filter>
    </ClCompile>
    <ClCompile Include="SoftPlatform.cpp">
      <Filter>Source Files\Objects\Stage</Filter>
    </ClCompile>
    <ClCompile Include="Spike.cpp">
      <Filter>Source Files\Objects\Stage</Filter>
    </ClCompile>
    <ClCompile Include="Spirit.cpp">
      <Filter>Source Files\Objects\Entities</Filter>
    </ClCompile>
    <ClCompile Include="StageDoor.cpp">
      <Filter>Source Files\Objects\Stage</Filter>
    </ClCompile>
    <ClCompile Include="Wraith.cpp">
      <Filter>Source Files\Objects\Entities</Filter>
    </ClCompile>
    <ClCompile Include="Enemy.cpp">
      <Filter>Source Files\Objects\Entities</Filter>
    </ClCompile>
    <ClCompile Include="Snowman.cpp">
      <Filter>Source Files\Objects\Entities</Filter>
    </ClCompile>
    <ClCompile Include="Status.cpp">
      <Filter>Source Files\Statuses</Filter>
    </ClCompile>
    <ClCompile Include="FireStatus.cpp">
      <Filter>Source Files\Statuses</Filter>
    </ClCompile>
    <ClCompile Include="CursedFireStatus.cpp">
      <Filter>Source Files\Statuses</Filter>
    </ClCompile>
    <ClCompile Include="BleedStatus.cpp">
      <Filter>Source Files\Statuses</Filter>
    </ClCompile>
    <ClCompile Include="UseableItem.cpp">
      <Filter>Source Files\Items</Filter>
    </ClCompile>
    <ClCompile Include="HealthPotion.cpp">
      <Filter>Source Files\Items</Filter>
    </ClCompile>
    <ClCompile Include="ChilledStatus.cpp">
      <Filter>Source Files\Statuses</Filter>
    </ClCompile>
    <ClCompile Include="Snowball.cpp">
      <Filter>Source Files\Objects\Other</Filter>
    </ClCompile>
    <ClCompile Include="RegenStatus.cpp">
      <Filter>Source Files\Statuses</Filter>
    </ClCompile>
    <ClCompile Include="WraithProjectile.cpp">
      <Filter>Source Files\Objects\Other</Filter>
    </ClCompile>
    <ClCompile Include="CharredSkull.cpp">
      <Filter>Source Files\Items</Filter>
    </ClCompile>
    <ClCompile Include="Hammer.cpp">
      <Filter>Source Files\Objects\Other</Filter>
    </ClCompile>
    <ClCompile Include="NailObject.cpp">
      <Filter>Source Files\Objects\Other</Filter>
    </ClCompile>
    <ClCompile Include="PossesedNail.cpp">
      <Filter>Source Files\Items</Filter>
    </ClCompile>
    <ClCompile Include="Lantern.cpp">
      <Filter>Source Files\Objects\Stage</Filter>
    </ClCompile>
    <ClCompile Include="Urn.cpp">
      <Filter>Source Files\Objects\Stage</Filter>
    </ClCompile>
    <ClCompile Include="JarOfAir.cpp">
      <Filter>Source Files\Items</Filter>
    </ClCompile>
    <ClCompile Include="RubberCement.cpp">
      <Filter>Source Files\Items</Filter>
    </ClCompile>
    <ClCompile Include="Soul.cpp">
      <Filter>Source Files\Items</Filter>
    </ClCompile>
    <ClCompile Include="FireTome_1.cpp">
      <Filter>Source Files\Items</Filter>
    </ClCompile>
    <ClCompile Include="IceTome_1.cpp">
      <Filter>Source Files\Items</Filter>
    </ClCompile>
    <ClCompile Include="Boss.cpp">
      <Filter>Source Files\Objects\Entities</Filter>
    </ClCompile>
    <ClCompile Include="Maw.cpp">
      <Filter>Source Files\Objects\Entities</Filter>
    </ClCompile>
    <ClCompile Include="IceShard.cpp">
      <Filter>Source Files\Objects\Other</Filter>
    </ClCompile>
    <ClCompile Include="PoisonStatus.cpp">
      <Filter>Source Files\Statuses</Filter>
    </ClCompile>
    <ClCompile Include="MawProjectile.cpp">
      <Filter>Source Files\Objects\Other</Filter>
    </ClCompile>
    <ClCompile Include="Campfire.cpp">
      <Filter>Source Files\Objects\Stage</Filter>
    </ClCompile>
    <ClCompile Include="Corpse.cpp">
      <Filter>Source Files\Objects\Stage</Filter>
    </ClCompile>
    <ClCompile Include="SacraficialAltar.cpp">
      <Filter>Source Files\Objects\Stage</Filter>
    </ClCompile>
    <ClCompile Include="SacraficialDagger.cpp">
      <Filter>Source Files\Items</Filter>
    </ClCompile>
    <ClCompile Include="SpiritProjectile.cpp">
      <Filter>Source Files\Objects\Other</Filter>
    </ClCompile>
    <ClCompile Include="PaperAirplane.cpp">
      <Filter>Source Files\Items</Filter>
    </ClCompile>
    <ClCompile Include="Explosion.cpp">
      <Filter>Source Files\Objects\Other</Filter>
    </ClCompile>
    <ClCompile Include="Fireball2.cpp">
      <Filter>Source Files\Objects\Other</Filter>
    </ClCompile>
    <ClCompile Include="FireTome_2.cpp">
      <Filter>Source Files\Items</Filter>
    </ClCompile>
    <ClCompile Include="Book.cpp">
      <Filter>Source Files\Items</Filter>
    </ClCompile>
    <ClCompile Include="BabyMaw.cpp">
      <Filter>Source Files\Items</Filter>
    </ClCompile>
  </ItemGroup>
  <ItemGroup>
    <ClInclude Include="Camera.h">
      <Filter>Header Files\Engine</Filter>
    </ClInclude>
    <ClInclude Include="Game.h">
      <Filter>Header Files\Engine</Filter>
    </ClInclude>
    <ClInclude Include="GUI.h">
      <Filter>Header Files\Engine</Filter>
    </ClInclude>
    <ClInclude Include="LevelManager.h">
      <Filter>Header Files\Engine</Filter>
    </ClInclude>
    <ClInclude Include="MenuState.h">
      <Filter>Header Files\Engine</Filter>
    </ClInclude>
    <ClInclude Include="StateManager.h">
      <Filter>Header Files\Engine</Filter>
    </ClInclude>
    <ClInclude Include="TextureManager.h">
      <Filter>Header Files\Engine</Filter>
    </ClInclude>
    <ClInclude Include="GameObject.h">
      <Filter>Header Files\Objects</Filter>
    </ClInclude>
    <ClInclude Include="Ember.h">
      <Filter>Header Files\Particles</Filter>
    </ClInclude>
    <ClInclude Include="Particle.h">
      <Filter>Header Files\Particles</Filter>
    </ClInclude>
    <ClInclude Include="Smoke.h">
      <Filter>Header Files\Particles</Filter>
    </ClInclude>
    <ClInclude Include="GameOverScreen.h">
      <Filter>Header Files\Engine</Filter>
    </ClInclude>
    <ClInclude Include="Debris.h">
      <Filter>Header Files\Particles</Filter>
    </ClInclude>
    <ClInclude Include="Button.h">
      <Filter>Header Files\Engine\Buttons</Filter>
    </ClInclude>
    <ClInclude Include="PlayButton.h">
      <Filter>Header Files\Engine\Buttons</Filter>
    </ClInclude>
    <ClInclude Include="ImageTile.h">
      <Filter>Header Files\Engine</Filter>
    </ClInclude>
    <ClInclude Include="Room.h">
      <Filter>Header Files\Engine</Filter>
    </ClInclude>
    <ClInclude Include="ExitButton.h">
      <Filter>Header Files\Engine\Buttons</Filter>
    </ClInclude>
    <ClInclude Include="Item.h">
      <Filter>Header Files\Items</Filter>
    </ClInclude>
    <ClInclude Include="Heart.h">
      <Filter>Header Files\Items</Filter>
    </ClInclude>
    <ClInclude Include="CursedCandle.h">
      <Filter>Header Files\Items</Filter>
    </ClInclude>
    <ClInclude Include="MarkOfHunger.h">
      <Filter>Header Files\Items</Filter>
    </ClInclude>
    <ClInclude Include="SpiralShell.h">
      <Filter>Header Files\Items</Filter>
    </ClInclude>
    <ClInclude Include="RestartButton.h">
      <Filter>Header Files\Engine\Buttons</Filter>
    </ClInclude>
    <ClInclude Include="Block.h">
      <Filter>Header Files\Objects\Stage</Filter>
    </ClInclude>
    <ClInclude Include="Box.h">
      <Filter>Header Files\Objects\Stage</Filter>
    </ClInclude>
    <ClInclude Include="CursedFire.h">
      <Filter>Header Files\Objects\Other</Filter>
    </ClInclude>
    <ClInclude Include="CursedFireball.h">
      <Filter>Header Files\Objects\Other</Filter>
    </ClInclude>
    <ClInclude Include="DemonAlter.h">
      <Filter>Header Files\Objects\Stage</Filter>
    </ClInclude>
    <ClInclude Include="Door.h">
      <Filter>Header Files\Objects\Stage</Filter>
    </ClInclude>
    <ClInclude Include="Fire.h">
      <Filter>Header Files\Objects\Other</Filter>
    </ClInclude>
    <ClInclude Include="Fireball.h">
      <Filter>Header Files\Objects\Other</Filter>
    </ClInclude>
    <ClInclude Include="Platform.h">
      <Filter>Header Files\Objects\Stage</Filter>
    </ClInclude>
    <ClInclude Include="Player.h">
      <Filter>Header Files\Objects\Entities</Filter>
    </ClInclude>
    <ClInclude Include="Pot.h">
      <Filter>Header Files\Objects\Stage</Filter>
    </ClInclude>
    <ClInclude Include="PotMimic.h">
      <Filter>Header Files\Objects\Entities</Filter>
    </ClInclude>
    <ClInclude Include="PotMimicTentacle.h">
      <Filter>Header Files\Objects\Entities</Filter>
    </ClInclude>
    <ClInclude Include="Projectile.h">
      <Filter>Header Files\Objects\Other</Filter>
    </ClInclude>
    <ClInclude Include="Slime.h">
      <Filter>Header Files\Objects\Entities</Filter>
    </ClInclude>
    <ClInclude Include="SoftPlatform.h">
      <Filter>Header Files\Objects\Stage</Filter>
    </ClInclude>
    <ClInclude Include="Spike.h">
      <Filter>Header Files\Objects\Stage</Filter>
    </ClInclude>
    <ClInclude Include="Spirit.h">
      <Filter>Header Files\Objects\Entities</Filter>
    </ClInclude>
    <ClInclude Include="StageDoor.h">
      <Filter>Header Files\Objects\Stage</Filter>
    </ClInclude>
    <ClInclude Include="ItemObject.h">
      <Filter>Header Files\Objects\Other</Filter>
    </ClInclude>
    <ClInclude Include="Wraith.h">
      <Filter>Header Files\Objects\Entities</Filter>
    </ClInclude>
    <ClInclude Include="Enemy.h">
      <Filter>Header Files\Objects\Entities</Filter>
    </ClInclude>
    <ClInclude Include="Snowman.h">
      <Filter>Header Files\Objects\Entities</Filter>
    </ClInclude>
    <ClInclude Include="Status.h">
      <Filter>Header Files\Statuses</Filter>
    </ClInclude>
    <ClInclude Include="FireStatus.h">
      <Filter>Header Files\Statuses</Filter>
    </ClInclude>
    <ClInclude Include="CursedFireStatus.h">
      <Filter>Header Files\Statuses</Filter>
    </ClInclude>
    <ClInclude Include="BleedStatus.h">
      <Filter>Header Files\Statuses</Filter>
    </ClInclude>
    <ClInclude Include="UseableItem.h">
      <Filter>Header Files\Items</Filter>
    </ClInclude>
    <ClInclude Include="HealthPotion.h">
      <Filter>Header Files\Items</Filter>
    </ClInclude>
    <ClInclude Include="ChilledStatus.h">
      <Filter>Header Files\Statuses</Filter>
    </ClInclude>
    <ClInclude Include="Snowball.h">
      <Filter>Header Files\Objects\Other</Filter>
    </ClInclude>
    <ClInclude Include="RegenStatus.h">
      <Filter>Header Files\Statuses</Filter>
    </ClInclude>
    <ClInclude Include="WraithProjectile.h">
      <Filter>Header Files\Objects\Other</Filter>
    </ClInclude>
    <ClInclude Include="CharredSkull.h">
      <Filter>Header Files\Items</Filter>
    </ClInclude>
    <ClInclude Include="Hammer.h">
      <Filter>Header Files\Objects\Other</Filter>
    </ClInclude>
    <ClInclude Include="NailObject.h">
      <Filter>Header Files\Objects\Other</Filter>
    </ClInclude>
    <ClInclude Include="PossesedNail.h">
      <Filter>Header Files\Items</Filter>
    </ClInclude>
    <ClInclude Include="Lantern.h">
      <Filter>Header Files\Objects\Stage</Filter>
    </ClInclude>
    <ClInclude Include="Urn.h">
      <Filter>Header Files\Objects\Stage</Filter>
    </ClInclude>
    <ClInclude Include="JarOfAir.h">
      <Filter>Header Files\Items</Filter>
    </ClInclude>
    <ClInclude Include="RubberCement.h">
      <Filter>Header Files\Items</Filter>
    </ClInclude>
    <ClInclude Include="Soul.h">
      <Filter>Header Files\Items</Filter>
    </ClInclude>
    <ClInclude Include="FireTome_1.h">
      <Filter>Header Files\Items</Filter>
    </ClInclude>
    <ClInclude Include="IceShard.h">
      <Filter>Header Files\Objects\Other</Filter>
    </ClInclude>
    <ClInclude Include="IceTome_1.h">
      <Filter>Header Files\Items</Filter>
    </ClInclude>
    <ClInclude Include="Boss.h">
      <Filter>Header Files\Objects\Entities</Filter>
    </ClInclude>
    <ClInclude Include="Maw.h">
      <Filter>Header Files\Objects\Entities</Filter>
    </ClInclude>
    <ClInclude Include="resource.h">
      <Filter>Header Files</Filter>
    </ClInclude>
    <ClInclude Include="PoisonStatus.h">
      <Filter>Header Files\Statuses</Filter>
    </ClInclude>
    <ClInclude Include="MawProjectile.h">
      <Filter>Header Files\Objects\Other</Filter>
    </ClInclude>
    <ClInclude Include="Campfire.h">
      <Filter>Header Files\Objects\Stage</Filter>
    </ClInclude>
    <ClInclude Include="Corpse.h">
      <Filter>Header Files\Objects\Stage</Filter>
    </ClInclude>
    <ClInclude Include="SacraficialAltar.h">
      <Filter>Header Files\Objects\Stage</Filter>
    </ClInclude>
    <ClInclude Include="SacraficialDagger.h">
      <Filter>Header Files\Items</Filter>
    </ClInclude>
    <ClInclude Include="SpiritProjectile.h">
      <Filter>Header Files\Objects\Other</Filter>
    </ClInclude>
    <ClInclude Include="PaperAirplane.h">
      <Filter>Header Files\Items</Filter>
    </ClInclude>
    <ClInclude Include="Explosion.h">
      <Filter>Header Files\Objects\Other</Filter>
    </ClInclude>
    <ClInclude Include="FireTome_2.h">
      <Filter>Header Files\Items</Filter>
    </ClInclude>
    <ClInclude Include="Fireball2.h">
      <Filter>Header Files\Objects\Other</Filter>
    </ClInclude>
    <ClInclude Include="Book.h">
      <Filter>Header Files\Items</Filter>
    </ClInclude>
    <ClInclude Include="BabyMaw.h">
      <Filter>Header Files\Items</Filter>
    </ClInclude>
  </ItemGroup>
  <ItemGroup>
    <ResourceCompile Include="Game.rc">
      <Filter>Resource Files</Filter>
    </ResourceCompile>
  </ItemGroup>
  <ItemGroup>
    <Image Include="assets\Icons\gameicon_bG0_icon.ico">
      <Filter>Resource Files</Filter>
    </Image>
  </ItemGroup>
</Project>